// !$*UTF8*$!
{
	archiveVersion = 1;
	classes = {
	};
	objectVersion = 50;
	objects = {

/* Begin PBXBuildFile section */
		2E05FC4A23F5C8F700FA1E07 /* AppDelegate.swift in Sources */ = {isa = PBXBuildFile; fileRef = 2E05FC4923F5C8F700FA1E07 /* AppDelegate.swift */; };
		2E05FC4C23F5C8F700FA1E07 /* SceneDelegate.swift in Sources */ = {isa = PBXBuildFile; fileRef = 2E05FC4B23F5C8F700FA1E07 /* SceneDelegate.swift */; };
		2E05FC4E23F5C8F700FA1E07 /* ViewController.swift in Sources */ = {isa = PBXBuildFile; fileRef = 2E05FC4D23F5C8F700FA1E07 /* ViewController.swift */; };
		2E05FC5123F5C8F700FA1E07 /* Main.storyboard in Resources */ = {isa = PBXBuildFile; fileRef = 2E05FC4F23F5C8F700FA1E07 /* Main.storyboard */; };
		2E05FC5323F5C8FC00FA1E07 /* Assets.xcassets in Resources */ = {isa = PBXBuildFile; fileRef = 2E05FC5223F5C8FC00FA1E07 /* Assets.xcassets */; };
		2E05FC5623F5C8FC00FA1E07 /* LaunchScreen.storyboard in Resources */ = {isa = PBXBuildFile; fileRef = 2E05FC5423F5C8FC00FA1E07 /* LaunchScreen.storyboard */; };
		2E05FC6223F6915A00FA1E07 /* Delm-Medium.otf in Resources */ = {isa = PBXBuildFile; fileRef = 2E05FC6023F6915A00FA1E07 /* Delm-Medium.otf */; };
		2E05FC6323F6915A00FA1E07 /* ThirstySoftRegular.otf in Resources */ = {isa = PBXBuildFile; fileRef = 2E05FC6123F6915A00FA1E07 /* ThirstySoftRegular.otf */; };
		2EE8BC6D244062F10001279A /* UIView+image.swift in Sources */ = {isa = PBXBuildFile; fileRef = 2EE8BC6C244062F10001279A /* UIView+image.swift */; };
/* End PBXBuildFile section */

/* Begin PBXFileReference section */
		2E05FC4623F5C8F700FA1E07 /* InstaGrid.app */ = {isa = PBXFileReference; explicitFileType = wrapper.application; includeInIndex = 0; path = InstaGrid.app; sourceTree = BUILT_PRODUCTS_DIR; };
		2E05FC4923F5C8F700FA1E07 /* AppDelegate.swift */ = {isa = PBXFileReference; lastKnownFileType = sourcecode.swift; path = AppDelegate.swift; sourceTree = "<group>"; };
		2E05FC4B23F5C8F700FA1E07 /* SceneDelegate.swift */ = {isa = PBXFileReference; lastKnownFileType = sourcecode.swift; path = SceneDelegate.swift; sourceTree = "<group>"; };
		2E05FC4D23F5C8F700FA1E07 /* ViewController.swift */ = {isa = PBXFileReference; lastKnownFileType = sourcecode.swift; path = ViewController.swift; sourceTree = "<group>"; };
		2E05FC5023F5C8F700FA1E07 /* Base */ = {isa = PBXFileReference; lastKnownFileType = file.storyboard; name = Base; path = Base.lproj/Main.storyboard; sourceTree = "<group>"; };
		2E05FC5223F5C8FC00FA1E07 /* Assets.xcassets */ = {isa = PBXFileReference; lastKnownFileType = folder.assetcatalog; path = Assets.xcassets; sourceTree = "<group>"; };
		2E05FC5523F5C8FC00FA1E07 /* Base */ = {isa = PBXFileReference; lastKnownFileType = file.storyboard; name = Base; path = Base.lproj/LaunchScreen.storyboard; sourceTree = "<group>"; };
		2E05FC5723F5C8FC00FA1E07 /* Info.plist */ = {isa = PBXFileReference; lastKnownFileType = text.plist.xml; path = Info.plist; sourceTree = "<group>"; };
		2E05FC6023F6915A00FA1E07 /* Delm-Medium.otf */ = {isa = PBXFileReference; lastKnownFileType = file; path = "Delm-Medium.otf"; sourceTree = "<group>"; };
		2E05FC6123F6915A00FA1E07 /* ThirstySoftRegular.otf */ = {isa = PBXFileReference; lastKnownFileType = file; path = ThirstySoftRegular.otf; sourceTree = "<group>"; };
		2EE8BC6C244062F10001279A /* UIView+image.swift */ = {isa = PBXFileReference; lastKnownFileType = sourcecode.swift; path = "UIView+image.swift"; sourceTree = "<group>"; };
/* End PBXFileReference section */

/* Begin PBXFrameworksBuildPhase section */
		2E05FC4323F5C8F700FA1E07 /* Frameworks */ = {
			isa = PBXFrameworksBuildPhase;
			buildActionMask = 2147483647;
			files = (
			);
			runOnlyForDeploymentPostprocessing = 0;
		};
/* End PBXFrameworksBuildPhase section */

/* Begin PBXGroup section */
		2E05FC3D23F5C8F700FA1E07 = {
			isa = PBXGroup;
			children = (
				2E05FC4823F5C8F700FA1E07 /* InstaGrid */,
				2E05FC4723F5C8F700FA1E07 /* Products */,
			);
			sourceTree = "<group>";
		};
		2E05FC4723F5C8F700FA1E07 /* Products */ = {
			isa = PBXGroup;
			children = (
				2E05FC4623F5C8F700FA1E07 /* InstaGrid.app */,
			);
			name = Products;
			sourceTree = "<group>";
		};
		2E05FC4823F5C8F700FA1E07 /* InstaGrid */ = {
			isa = PBXGroup;
			children = (
				2EA7C9DA24499E6D0023DDE0 /* Supporting Files */,
				2EE8BC6B244062BD0001279A /* Extensions */,
				2E05FC5D23F5C93C00FA1E07 /* Controller */,
				2E05FC5E23F5C97F00FA1E07 /* View */,
			);
			path = InstaGrid;
			sourceTree = "<group>";
		};
		2E05FC5D23F5C93C00FA1E07 /* Controller */ = {
			isa = PBXGroup;
			children = (
				2E05FC4D23F5C8F700FA1E07 /* ViewController.swift */,
			);
			path = Controller;
			sourceTree = "<group>";
		};
		2E05FC5E23F5C97F00FA1E07 /* View */ = {
			isa = PBXGroup;
			children = (
				2E05FC4F23F5C8F700FA1E07 /* Main.storyboard */,
			);
			path = View;
			sourceTree = "<group>";
		};
		2EA7C9DA24499E6D0023DDE0 /* Supporting Files */ = {
			isa = PBXGroup;
			children = (
				2E05FC5723F5C8FC00FA1E07 /* Info.plist */,
				2E05FC5223F5C8FC00FA1E07 /* Assets.xcassets */,
				2E05FC5423F5C8FC00FA1E07 /* LaunchScreen.storyboard */,
				2E05FC4923F5C8F700FA1E07 /* AppDelegate.swift */,
				2E05FC4B23F5C8F700FA1E07 /* SceneDelegate.swift */,
				2E05FC6023F6915A00FA1E07 /* Delm-Medium.otf */,
				2E05FC6123F6915A00FA1E07 /* ThirstySoftRegular.otf */,
			);
			path = "Supporting Files";
			sourceTree = "<group>";
		};
		2EE8BC6B244062BD0001279A /* Extensions */ = {
			isa = PBXGroup;
			children = (
				2EE8BC6C244062F10001279A /* UIView+image.swift */,
			);
			path = Extensions;
			sourceTree = "<group>";
		};
/* End PBXGroup section */

/* Begin PBXNativeTarget section */
		2E05FC4523F5C8F700FA1E07 /* InstaGrid */ = {
			isa = PBXNativeTarget;
			buildConfigurationList = 2E05FC5A23F5C8FC00FA1E07 /* Build configuration list for PBXNativeTarget "InstaGrid" */;
			buildPhases = (
				2E05FC4223F5C8F700FA1E07 /* Sources */,
				2E05FC4323F5C8F700FA1E07 /* Frameworks */,
				2E05FC4423F5C8F700FA1E07 /* Resources */,
			);
			buildRules = (
			);
			dependencies = (
			);
			name = InstaGrid;
			productName = InstaGrid;
			productReference = 2E05FC4623F5C8F700FA1E07 /* InstaGrid.app */;
			productType = "com.apple.product-type.application";
		};
/* End PBXNativeTarget section */

/* Begin PBXProject section */
		2E05FC3E23F5C8F700FA1E07 /* Project object */ = {
			isa = PBXProject;
			attributes = {
				LastSwiftUpdateCheck = 1130;
				LastUpgradeCheck = 1130;
				ORGANIZATIONNAME = nksolutions;
				TargetAttributes = {
					2E05FC4523F5C8F700FA1E07 = {
						CreatedOnToolsVersion = 11.3.1;
					};
				};
			};
			buildConfigurationList = 2E05FC4123F5C8F700FA1E07 /* Build configuration list for PBXProject "InstaGrid" */;
			compatibilityVersion = "Xcode 9.3";
			developmentRegion = en;
			hasScannedForEncodings = 0;
			knownRegions = (
				en,
				Base,
			);
			mainGroup = 2E05FC3D23F5C8F700FA1E07;
			productRefGroup = 2E05FC4723F5C8F700FA1E07 /* Products */;
			projectDirPath = "";
			projectRoot = "";
			targets = (
				2E05FC4523F5C8F700FA1E07 /* InstaGrid */,
			);
		};
/* End PBXProject section */

/* Begin PBXResourcesBuildPhase section */
		2E05FC4423F5C8F700FA1E07 /* Resources */ = {
			isa = PBXResourcesBuildPhase;
			buildActionMask = 2147483647;
			files = (
				2E05FC5623F5C8FC00FA1E07 /* LaunchScreen.storyboard in Resources */,
				2E05FC5323F5C8FC00FA1E07 /* Assets.xcassets in Resources */,
				2E05FC6323F6915A00FA1E07 /* ThirstySoftRegular.otf in Resources */,
				2E05FC6223F6915A00FA1E07 /* Delm-Medium.otf in Resources */,
				2E05FC5123F5C8F700FA1E07 /* Main.storyboard in Resources */,
			);
			runOnlyForDeploymentPostprocessing = 0;
		};
/* End PBXResourcesBuildPhase section */

/* Begin PBXSourcesBuildPhase section */
		2E05FC4223F5C8F700FA1E07 /* Sources */ = {
			isa = PBXSourcesBuildPhase;
			buildActionMask = 2147483647;
			files = (
				2EE8BC6D244062F10001279A /* UIView+image.swift in Sources */,
				2E05FC4E23F5C8F700FA1E07 /* ViewController.swift in Sources */,
				2E05FC4A23F5C8F700FA1E07 /* AppDelegate.swift in Sources */,
				2E05FC4C23F5C8F700FA1E07 /* SceneDelegate.swift in Sources */,
			);
			runOnlyForDeploymentPostprocessing = 0;
		};
/* End PBXSourcesBuildPhase section */

/* Begin PBXVariantGroup section */
		2E05FC4F23F5C8F700FA1E07 /* Main.storyboard */ = {
			isa = PBXVariantGroup;
			children = (
				2E05FC5023F5C8F700FA1E07 /* Base */,
			);
			name = Main.storyboard;
			sourceTree = "<group>";
		};
		2E05FC5423F5C8FC00FA1E07 /* LaunchScreen.storyboard */ = {
			isa = PBXVariantGroup;
			children = (
				2E05FC5523F5C8FC00FA1E07 /* Base */,
			);
			name = LaunchScreen.storyboard;
			sourceTree = "<group>";
		};
/* End PBXVariantGroup section */

/* Begin XCBuildConfiguration section */
		2E05FC5823F5C8FC00FA1E07 /* Debug */ = {
			isa = XCBuildConfiguration;
			buildSettings = {
				ALWAYS_SEARCH_USER_PATHS = NO;
				CLANG_ANALYZER_NONNULL = YES;
				CLANG_ANALYZER_NUMBER_OBJECT_CONVERSION = YES_AGGRESSIVE;
				CLANG_CXX_LANGUAGE_STANDARD = "gnu++14";
				CLANG_CXX_LIBRARY = "libc++";
				CLANG_ENABLE_MODULES = YES;
				CLANG_ENABLE_OBJC_ARC = YES;
				CLANG_ENABLE_OBJC_WEAK = YES;
				CLANG_WARN_BLOCK_CAPTURE_AUTORELEASING = YES;
				CLANG_WARN_BOOL_CONVERSION = YES;
				CLANG_WARN_COMMA = YES;
				CLANG_WARN_CONSTANT_CONVERSION = YES;
				CLANG_WARN_DEPRECATED_OBJC_IMPLEMENTATIONS = YES;
				CLANG_WARN_DIRECT_OBJC_ISA_USAGE = YES_ERROR;
				CLANG_WARN_DOCUMENTATION_COMMENTS = YES;
				CLANG_WARN_EMPTY_BODY = YES;
				CLANG_WARN_ENUM_CONVERSION = YES;
				CLANG_WARN_INFINITE_RECURSION = YES;
				CLANG_WARN_INT_CONVERSION = YES;
				CLANG_WARN_NON_LITERAL_NULL_CONVERSION = YES;
				CLANG_WARN_OBJC_IMPLICIT_RETAIN_SELF = YES;
				CLANG_WARN_OBJC_LITERAL_CONVERSION = YES;
				CLANG_WARN_OBJC_ROOT_CLASS = YES_ERROR;
				CLANG_WARN_RANGE_LOOP_ANALYSIS = YES;
				CLANG_WARN_STRICT_PROTOTYPES = YES;
				CLANG_WARN_SUSPICIOUS_MOVE = YES;
				CLANG_WARN_UNGUARDED_AVAILABILITY = YES_AGGRESSIVE;
				CLANG_WARN_UNREACHABLE_CODE = YES;
				CLANG_WARN__DUPLICATE_METHOD_MATCH = YES;
				COPY_PHASE_STRIP = NO;
				DEBUG_INFORMATION_FORMAT = dwarf;
				ENABLE_STRICT_OBJC_MSGSEND = YES;
				ENABLE_TESTABILITY = YES;
				GCC_C_LANGUAGE_STANDARD = gnu11;
				GCC_DYNAMIC_NO_PIC = NO;
				GCC_NO_COMMON_BLOCKS = YES;
				GCC_OPTIMIZATION_LEVEL = 0;
				GCC_PREPROCESSOR_DEFINITIONS = (
					"DEBUG=1",
					"$(inherited)",
				);
				GCC_WARN_64_TO_32_BIT_CONVERSION = YES;
				GCC_WARN_ABOUT_RETURN_TYPE = YES_ERROR;
				GCC_WARN_UNDECLARED_SELECTOR = YES;
				GCC_WARN_UNINITIALIZED_AUTOS = YES_AGGRESSIVE;
				GCC_WARN_UNUSED_FUNCTION = YES;
				GCC_WARN_UNUSED_VARIABLE = YES;
				IPHONEOS_DEPLOYMENT_TARGET = 11.0;
				MTL_ENABLE_DEBUG_INFO = INCLUDE_SOURCE;
				MTL_FAST_MATH = YES;
				ONLY_ACTIVE_ARCH = YES;
				SDKROOT = iphoneos;
				SWIFT_ACTIVE_COMPILATION_CONDITIONS = DEBUG;
				SWIFT_OPTIMIZATION_LEVEL = "-Onone";
			};
			name = Debug;
		};
		2E05FC5923F5C8FC00FA1E07 /* Release */ = {
			isa = XCBuildConfiguration;
			buildSettings = {
				ALWAYS_SEARCH_USER_PATHS = NO;
				CLANG_ANALYZER_NONNULL = YES;
				CLANG_ANALYZER_NUMBER_OBJECT_CONVERSION = YES_AGGRESSIVE;
				CLANG_CXX_LANGUAGE_STANDARD = "gnu++14";
				CLANG_CXX_LIBRARY = "libc++";
				CLANG_ENABLE_MODULES = YES;
				CLANG_ENABLE_OBJC_ARC = YES;
				CLANG_ENABLE_OBJC_WEAK = YES;
				CLANG_WARN_BLOCK_CAPTURE_AUTORELEASING = YES;
				CLANG_WARN_BOOL_CONVERSION = YES;
				CLANG_WARN_COMMA = YES;
				CLANG_WARN_CONSTANT_CONVERSION = YES;
				CLANG_WARN_DEPRECATED_OBJC_IMPLEMENTATIONS = YES;
				CLANG_WARN_DIRECT_OBJC_ISA_USAGE = YES_ERROR;
				CLANG_WARN_DOCUMENTATION_COMMENTS = YES;
				CLANG_WARN_EMPTY_BODY = YES;
				CLANG_WARN_ENUM_CONVERSION = YES;
				CLANG_WARN_INFINITE_RECURSION = YES;
				CLANG_WARN_INT_CONVERSION = YES;
				CLANG_WARN_NON_LITERAL_NULL_CONVERSION = YES;
				CLANG_WARN_OBJC_IMPLICIT_RETAIN_SELF = YES;
				CLANG_WARN_OBJC_LITERAL_CONVERSION = YES;
				CLANG_WARN_OBJC_ROOT_CLASS = YES_ERROR;
				CLANG_WARN_RANGE_LOOP_ANALYSIS = YES;
				CLANG_WARN_STRICT_PROTOTYPES = YES;
				CLANG_WARN_SUSPICIOUS_MOVE = YES;
				CLANG_WARN_UNGUARDED_AVAILABILITY = YES_AGGRESSIVE;
				CLANG_WARN_UNREACHABLE_CODE = YES;
				CLANG_WARN__DUPLICATE_METHOD_MATCH = YES;
				COPY_PHASE_STRIP = NO;
				DEBUG_INFORMATION_FORMAT = "dwarf-with-dsym";
				ENABLE_NS_ASSERTIONS = NO;
				ENABLE_STRICT_OBJC_MSGSEND = YES;
				GCC_C_LANGUAGE_STANDARD = gnu11;
				GCC_NO_COMMON_BLOCKS = YES;
				GCC_WARN_64_TO_32_BIT_CONVERSION = YES;
				GCC_WARN_ABOUT_RETURN_TYPE = YES_ERROR;
				GCC_WARN_UNDECLARED_SELECTOR = YES;
				GCC_WARN_UNINITIALIZED_AUTOS = YES_AGGRESSIVE;
				GCC_WARN_UNUSED_FUNCTION = YES;
				GCC_WARN_UNUSED_VARIABLE = YES;
				IPHONEOS_DEPLOYMENT_TARGET = 11.0;
				MTL_ENABLE_DEBUG_INFO = NO;
				MTL_FAST_MATH = YES;
				SDKROOT = iphoneos;
				SWIFT_COMPILATION_MODE = wholemodule;
				SWIFT_OPTIMIZATION_LEVEL = "-O";
				VALIDATE_PRODUCT = YES;
			};
			name = Release;
		};
		2E05FC5B23F5C8FC00FA1E07 /* Debug */ = {
			isa = XCBuildConfiguration;
			buildSettings = {
				ASSETCATALOG_COMPILER_APPICON_NAME = AppIcon;
				CODE_SIGN_STYLE = Automatic;
				DEVELOPMENT_TEAM = LXP49G72UN;
				INFOPLIST_FILE = "$(SRCROOT)/InstaGrid/Supporting Files/Info.plist";
				LD_RUNPATH_SEARCH_PATHS = (
					"$(inherited)",
					"@executable_path/Frameworks",
				);
				PRODUCT_BUNDLE_IDENTIFIER = fr.nksolutions.InstaGrid;
				PRODUCT_NAME = "$(TARGET_NAME)";
				SWIFT_VERSION = 5.0;
				TARGETED_DEVICE_FAMILY = 1;
			};
			name = Debug;
		};
		2E05FC5C23F5C8FC00FA1E07 /* Release */ = {
			isa = XCBuildConfiguration;
			buildSettings = {
				ASSETCATALOG_COMPILER_APPICON_NAME = AppIcon;
				CODE_SIGN_STYLE = Automatic;
				DEVELOPMENT_TEAM = LXP49G72UN;
				INFOPLIST_FILE = "$(SRCROOT)/InstaGrid/Supporting Files/Info.plist";
				LD_RUNPATH_SEARCH_PATHS = (
					"$(inherited)",
					"@executable_path/Frameworks",
				);
				PRODUCT_BUNDLE_IDENTIFIER = fr.nksolutions.InstaGrid;
				PRODUCT_NAME = "$(TARGET_NAME)";
				SWIFT_VERSION = 5.0;
				TARGETED_DEVICE_FAMILY = 1;
			};
			name = Release;
		};
/* End XCBuildConfiguration section */

/* Begin XCConfigurationList section */
		2E05FC4123F5C8F700FA1E07 /* Build configuration list for PBXProject "InstaGrid" */ = {
			isa = XCConfigurationList;
			buildConfigurations = (
				2E05FC5823F5C8FC00FA1E07 /* Debug */,
				2E05FC5923F5C8FC00FA1E07 /* Release */,
			);
			defaultConfigurationIsVisible = 0;
			defaultConfigurationName = Release;
		};
		2E05FC5A23F5C8FC00FA1E07 /* Build configuration list for PBXNativeTarget "InstaGrid" */ = {
			isa = XCConfigurationList;
			buildConfigurations = (
				2E05FC5B23F5C8FC00FA1E07 /* Debug */,
				2E05FC5C23F5C8FC00FA1E07 /* Release */,
			);
			defaultConfigurationIsVisible = 0;
			defaultConfigurationName = Release;
		};
/* End XCConfigurationList section */
	};
	rootObject = 2E05FC3E23F5C8F700FA1E07 /* Project object */;
}
